
Microsoft Visual Studio Solution File, Format Version 12.00
# Visual Studio Version 17
VisualStudioVersion = 17.9.34622.214
MinimumVisualStudioVersion = 10.0.40219.1
Project("{FAE04EC0-301F-11D3-BF4B-00C04F79EFBC}") = "OperadorRelacional", "OperadorRelacional\OperadorRelacional.csproj", "{48766AF0-EDEF-4C45-8D13-47C712ECF7F8}"
EndProject
Global
	GlobalSection(SolutionConfigurationPlatforms) = preSolution
		Debug|Any CPU = Debug|Any CPU
		Release|Any CPU = Release|Any CPU
	EndGlobalSection
	GlobalSection(ProjectConfigurationPlatforms) = postSolution
		{48766AF0-EDEF-4C45-8D13-47C712ECF7F8}.Debug|Any CPU.ActiveCfg = Debug|Any CPU
		{48766AF0-EDEF-4C45-8D13-47C712ECF7F8}.Debug|Any CPU.Build.0 = Debug|Any CPU
		{48766AF0-EDEF-4C45-8D13-47C712ECF7F8}.Release|Any CPU.ActiveCfg = Release|Any CPU
		{48766AF0-EDEF-4C45-8D13-47C712ECF7F8}.Release|Any CPU.Build.0 = Release|Any CPU
	EndGlobalSection
	GlobalSection(SolutionProperties) = preSolution
		HideSolutionNode = FALSE
	EndGlobalSection
	GlobalSection(ExtensibilityGlobals) = postSolution
		SolutionGuid = {727616BE-18B8-46FF-BBF5-C0E2905277B6}
	EndGlobalSection
EndGlobal
